
Microsoft Visual Studio Solution File, Format Version 12.00
# Visual Studio 15
VisualStudioVersion = 15.0.28307.1525
MinimumVisualStudioVersion = 10.0.40219.1
Project("{FAE04EC0-301F-11D3-BF4B-00C04F79EFBC}") = "klavyeden girilen sayının iki fazlasınıgösteren", "klavyeden girilen sayının iki fazlasınıgösteren\klavyeden girilen sayının iki fazlasınıgösteren.csproj", "{5BD042E4-C672-43A3-B30E-8ED4377EA3B2}"
EndProject
Global
	GlobalSection(SolutionConfigurationPlatforms) = preSolution
		Debug|Any CPU = Debug|Any CPU
		Release|Any CPU = Release|Any CPU
	EndGlobalSection
	GlobalSection(ProjectConfigurationPlatforms) = postSolution
		{5BD042E4-C672-43A3-B30E-8ED4377EA3B2}.Debug|Any CPU.ActiveCfg = Debug|Any CPU
		{5BD042E4-C672-43A3-B30E-8ED4377EA3B2}.Debug|Any CPU.Build.0 = Debug|Any CPU
		{5BD042E4-C672-43A3-B30E-8ED4377EA3B2}.Release|Any CPU.ActiveCfg = Release|Any CPU
		{5BD042E4-C672-43A3-B30E-8ED4377EA3B2}.Release|Any CPU.Build.0 = Release|Any CPU
	EndGlobalSection
	GlobalSection(SolutionProperties) = preSolution
		HideSolutionNode = FALSE
	EndGlobalSection
	GlobalSection(ExtensibilityGlobals) = postSolution
		SolutionGuid = {467C636C-D377-4238-8D00-BC9D4FEBFD76}
	EndGlobalSection
EndGlobal
